
Microsoft Visual Studio Solution File, Format Version 12.00
# Visual Studio 15
VisualStudioVersion = 15.0.28307.136
MinimumVisualStudioVersion = 10.0.40219.1
Project("{8BC9CEB8-8B4A-11D0-8D11-00A0C91BC942}") = "SQLITEJSON", "SQLITEJSON.vcxproj", "{099E36C0-D1F8-3C58-A783-3F3656759033}"
EndProject
Global
	GlobalSection(SolutionConfigurationPlatforms) = preSolution
		Debug|x86 = Debug|x86
		Release|x86 = Release|x86
	EndGlobalSection
	GlobalSection(ProjectConfigurationPlatforms) = postSolution
		{099E36C0-D1F8-3C58-A783-3F3656759033}.Debug|x86.ActiveCfg = Debug|Win32
		{099E36C0-D1F8-3C58-A783-3F3656759033}.Debug|x86.Build.0 = Debug|Win32
		{099E36C0-D1F8-3C58-A783-3F3656759033}.Release|x86.ActiveCfg = Release|Win32
		{099E36C0-D1F8-3C58-A783-3F3656759033}.Release|x86.Build.0 = Release|Win32
	EndGlobalSection
	GlobalSection(SolutionProperties) = preSolution
		HideSolutionNode = FALSE
	EndGlobalSection
	GlobalSection(ExtensibilityGlobals) = postSolution
		SolutionGuid = {F2A9BC0F-A0EC-4E3B-9A15-0BED40EE40F7}
	EndGlobalSection
EndGlobal
